
Microsoft Visual Studio Solution File, Format Version 12.00
# Visual Studio Version 17
VisualStudioVersion = 17.10.35004.147
MinimumVisualStudioVersion = 10.0.40219.1
Project("{FAE04EC0-301F-11D3-BF4B-00C04F79EFBC}") = "Lockbox", "Lockbox.csproj", "{6A41E89C-632F-4170-88F9-839671E38A96}"
EndProject
Global
	GlobalSection(SolutionConfigurationPlatforms) = preSolution
		Debug|Any CPU = Debug|Any CPU
		Release|Any CPU = Release|Any CPU
	EndGlobalSection
	GlobalSection(ProjectConfigurationPlatforms) = postSolution
		{6A41E89C-632F-4170-88F9-839671E38A96}.Debug|Any CPU.ActiveCfg = Debug|Any CPU
		{6A41E89C-632F-4170-88F9-839671E38A96}.Debug|Any CPU.Build.0 = Debug|Any CPU
		{6A41E89C-632F-4170-88F9-839671E38A96}.Debug|Any CPU.Deploy.0 = Debug|Any CPU
		{6A41E89C-632F-4170-88F9-839671E38A96}.Release|Any CPU.ActiveCfg = Release|Any CPU
		{6A41E89C-632F-4170-88F9-839671E38A96}.Release|Any CPU.Build.0 = Release|Any CPU
		{6A41E89C-632F-4170-88F9-839671E38A96}.Release|Any CPU.Deploy.0 = Release|Any CPU
	EndGlobalSection
	GlobalSection(SolutionProperties) = preSolution
		HideSolutionNode = FALSE
	EndGlobalSection
	GlobalSection(ExtensibilityGlobals) = postSolution
		SolutionGuid = {F5F1CBCA-5487-436A-8F20-D6CCBE0AA45D}
	EndGlobalSection
EndGlobal
